
Microsoft Visual Studio Solution File, Format Version 12.00
# Visual Studio Version 17
VisualStudioVersion = 17.9.34728.123
MinimumVisualStudioVersion = 10.0.40219.1
Project("{9A19103F-16F7-4668-BE54-9A1E7A4F7556}") = "StrengthAI.WebApi", "StrengthAI.WebApi\StrengthAI.WebApi.csproj", "{3495C312-9DAA-463F-A79D-90C6E0B693F5}"
EndProject
Project("{2150E333-8FDC-42A3-9474-1A3956D46DE8}") = "SolutionLevelFiles", "SolutionLevelFiles", "{D8AE9338-DA6F-4D5C-9F1A-04F32CFA3D7D}"
	ProjectSection(SolutionItems) = preProject
		SolutionNotes.txt = SolutionNotes.txt
	EndProjectSection
EndProject
Project("{FAE04EC0-301F-11D3-BF4B-00C04F79EFBC}") = "StrengthAI.Core", "StrengthAI.Core\StrengthAI.Core.csproj", "{C96A2136-FD86-4830-8428-6366FED9A630}"
EndProject
Project("{FAE04EC0-301F-11D3-BF4B-00C04F79EFBC}") = "StrengthAI.Test", "StrengthAI.Test\StrengthAI.Test.csproj", "{B6689D90-37D8-4A3F-85B1-6F94E76E81AD}"
EndProject
Global
	GlobalSection(SolutionConfigurationPlatforms) = preSolution
		Debug|Any CPU = Debug|Any CPU
		Release|Any CPU = Release|Any CPU
	EndGlobalSection
	GlobalSection(ProjectConfigurationPlatforms) = postSolution
		{3495C312-9DAA-463F-A79D-90C6E0B693F5}.Debug|Any CPU.ActiveCfg = Debug|Any CPU
		{3495C312-9DAA-463F-A79D-90C6E0B693F5}.Debug|Any CPU.Build.0 = Debug|Any CPU
		{3495C312-9DAA-463F-A79D-90C6E0B693F5}.Release|Any CPU.ActiveCfg = Release|Any CPU
		{3495C312-9DAA-463F-A79D-90C6E0B693F5}.Release|Any CPU.Build.0 = Release|Any CPU
		{C96A2136-FD86-4830-8428-6366FED9A630}.Debug|Any CPU.ActiveCfg = Debug|Any CPU
		{C96A2136-FD86-4830-8428-6366FED9A630}.Debug|Any CPU.Build.0 = Debug|Any CPU
		{C96A2136-FD86-4830-8428-6366FED9A630}.Release|Any CPU.ActiveCfg = Release|Any CPU
		{C96A2136-FD86-4830-8428-6366FED9A630}.Release|Any CPU.Build.0 = Release|Any CPU
		{B6689D90-37D8-4A3F-85B1-6F94E76E81AD}.Debug|Any CPU.ActiveCfg = Debug|Any CPU
		{B6689D90-37D8-4A3F-85B1-6F94E76E81AD}.Debug|Any CPU.Build.0 = Debug|Any CPU
		{B6689D90-37D8-4A3F-85B1-6F94E76E81AD}.Release|Any CPU.ActiveCfg = Release|Any CPU
		{B6689D90-37D8-4A3F-85B1-6F94E76E81AD}.Release|Any CPU.Build.0 = Release|Any CPU
	EndGlobalSection
	GlobalSection(SolutionProperties) = preSolution
		HideSolutionNode = FALSE
	EndGlobalSection
	GlobalSection(ExtensibilityGlobals) = postSolution
		SolutionGuid = {4D0002E8-6625-4038-884E-C12663719011}
	EndGlobalSection
EndGlobal
